{
  "originHash" : "d4b73d1d1f2671742c19d5576128589874aa02f1d093c852542e5f08506c3d34",
  "pins" : [
    {
      "identity" : "swiftgenplugin",
      "kind" : "remoteSourceControl",
      "location" : "https://github.com/SwiftGen/SwiftGenPlugin",
      "state" : {
        "revision" : "879b85a470cacd70c19e22eb7e11a3aed66f4068",
        "version" : "6.6.2"
      }
    },
    {
      "identity" : "swinject",
      "kind" : "remoteSourceControl",
      "location" : "https://github.com/Swinject/Swinject.git",
      "state" : {
        "revision" : "b685b549fe4d8ae265fc7a2f27d0789720425d69",
        "version" : "2.10.0"
      }
    }
  ],
  "version" : 3
}
